// !$*UTF8*$!
{
	archiveVersion = 1;
	classes = {
	};
	objectVersion = 50;
	objects = {

/* Begin PBXBuildFile section */
		13918E512AC5607C00F3ECF9 /* AppDelegate.swift in Sources */ = {isa = PBXBuildFile; fileRef = 13918E502AC5607C00F3ECF9 /* AppDelegate.swift */; };
		13918E532AC5607C00F3ECF9 /* SceneDelegate.swift in Sources */ = {isa = PBXBuildFile; fileRef = 13918E522AC5607C00F3ECF9 /* SceneDelegate.swift */; };
		13918E552AC5607C00F3ECF9 /* ViewController.swift in Sources */ = {isa = PBXBuildFile; fileRef = 13918E542AC5607C00F3ECF9 /* ViewController.swift */; };
		13918E582AC5607C00F3ECF9 /* Main.storyboard in Resources */ = {isa = PBXBuildFile; fileRef = 13918E562AC5607C00F3ECF9 /* Main.storyboard */; };
		13918E5A2AC5607C00F3ECF9 /* Assets.xcassets in Resources */ = {isa = PBXBuildFile; fileRef = 13918E592AC5607C00F3ECF9 /* Assets.xcassets */; };
		13918E5D2AC5607C00F3ECF9 /* LaunchScreen.storyboard in Resources */ = {isa = PBXBuildFile; fileRef = 13918E5B2AC5607C00F3ECF9 /* LaunchScreen.storyboard */; };
		13918E682AC5607C00F3ECF9 /* HolaMundoTests.swift in Sources */ = {isa = PBXBuildFile; fileRef = 13918E672AC5607C00F3ECF9 /* HolaMundoTests.swift */; };
		13918E732AC5607D00F3ECF9 /* HolaMundoUITests.swift in Sources */ = {isa = PBXBuildFile; fileRef = 13918E722AC5607D00F3ECF9 /* HolaMundoUITests.swift */; };
/* End PBXBuildFile section */

/* Begin PBXContainerItemProxy section */
		13918E642AC5607C00F3ECF9 /* PBXContainerItemProxy */ = {
			isa = PBXContainerItemProxy;
			containerPortal = 13918E452AC5607B00F3ECF9 /* Project object */;
			proxyType = 1;
			remoteGlobalIDString = 13918E4C2AC5607B00F3ECF9;
			remoteInfo = HolaMundo;
		};
		13918E6F2AC5607D00F3ECF9 /* PBXContainerItemProxy */ = {
			isa = PBXContainerItemProxy;
			containerPortal = 13918E452AC5607B00F3ECF9 /* Project object */;
			proxyType = 1;
			remoteGlobalIDString = 13918E4C2AC5607B00F3ECF9;
			remoteInfo = HolaMundo;
		};
/* End PBXContainerItemProxy section */

/* Begin PBXFileReference section */
		13918E4D2AC5607C00F3ECF9 /* HolaMundo.app */ = {isa = PBXFileReference; explicitFileType = wrapper.application; includeInIndex = 0; path = HolaMundo.app; sourceTree = BUILT_PRODUCTS_DIR; };
		13918E502AC5607C00F3ECF9 /* AppDelegate.swift */ = {isa = PBXFileReference; lastKnownFileType = sourcecode.swift; path = AppDelegate.swift; sourceTree = "<group>"; };
		13918E522AC5607C00F3ECF9 /* SceneDelegate.swift */ = {isa = PBXFileReference; lastKnownFileType = sourcecode.swift; path = SceneDelegate.swift; sourceTree = "<group>"; };
		13918E542AC5607C00F3ECF9 /* ViewController.swift */ = {isa = PBXFileReference; lastKnownFileType = sourcecode.swift; path = ViewController.swift; sourceTree = "<group>"; };
		13918E572AC5607C00F3ECF9 /* Base */ = {isa = PBXFileReference; lastKnownFileType = file.storyboard; name = Base; path = Base.lproj/Main.storyboard; sourceTree = "<group>"; };
		13918E592AC5607C00F3ECF9 /* Assets.xcassets */ = {isa = PBXFileReference; lastKnownFileType = folder.assetcatalog; path = Assets.xcassets; sourceTree = "<group>"; };
		13918E5C2AC5607C00F3ECF9 /* Base */ = {isa = PBXFileReference; lastKnownFileType = file.storyboard; name = Base; path = Base.lproj/LaunchScreen.storyboard; sourceTree = "<group>"; };
		13918E5E2AC5607C00F3ECF9 /* Info.plist */ = {isa = PBXFileReference; lastKnownFileType = text.plist.xml; path = Info.plist; sourceTree = "<group>"; };
		13918E632AC5607C00F3ECF9 /* HolaMundoTests.xctest */ = {isa = PBXFileReference; explicitFileType = wrapper.cfbundle; includeInIndex = 0; path = HolaMundoTests.xctest; sourceTree = BUILT_PRODUCTS_DIR; };
		13918E672AC5607C00F3ECF9 /* HolaMundoTests.swift */ = {isa = PBXFileReference; lastKnownFileType = sourcecode.swift; path = HolaMundoTests.swift; sourceTree = "<group>"; };
		13918E692AC5607C00F3ECF9 /* Info.plist */ = {isa = PBXFileReference; lastKnownFileType = text.plist.xml; path = Info.plist; sourceTree = "<group>"; };
		13918E6E2AC5607D00F3ECF9 /* HolaMundoUITests.xctest */ = {isa = PBXFileReference; explicitFileType = wrapper.cfbundle; includeInIndex = 0; path = HolaMundoUITests.xctest; sourceTree = BUILT_PRODUCTS_DIR; };
		13918E722AC5607D00F3ECF9 /* HolaMundoUITests.swift */ = {isa = PBXFileReference; lastKnownFileType = sourcecode.swift; path = HolaMundoUITests.swift; sourceTree = "<group>"; };
		13918E742AC5607D00F3ECF9 /* Info.plist */ = {isa = PBXFileReference; lastKnownFileType = text.plist.xml; path = Info.plist; sourceTree = "<group>"; };
/* End PBXFileReference section */

/* Begin PBXFrameworksBuildPhase section */
		13918E4A2AC5607B00F3ECF9 /* Frameworks */ = {
			isa = PBXFrameworksBuildPhase;
			buildActionMask = 2147483647;
			files = (
			);
			runOnlyForDeploymentPostprocessing = 0;
		};
		13918E602AC5607C00F3ECF9 /* Frameworks */ = {
			isa = PBXFrameworksBuildPhase;
			buildActionMask = 2147483647;
			files = (
			);
			runOnlyForDeploymentPostprocessing = 0;
		};
		13918E6B2AC5607D00F3ECF9 /* Frameworks */ = {
			isa = PBXFrameworksBuildPhase;
			buildActionMask = 2147483647;
			files = (
			);
			runOnlyForDeploymentPostprocessing = 0;
		};
/* End PBXFrameworksBuildPhase section */

/* Begin PBXGroup section */
		13918E442AC5607B00F3ECF9 = {
			isa = PBXGroup;
			children = (
				13918E4F2AC5607C00F3ECF9 /* HolaMundo */,
				13918E662AC5607C00F3ECF9 /* HolaMundoTests */,
				13918E712AC5607D00F3ECF9 /* HolaMundoUITests */,
				13918E4E2AC5607C00F3ECF9 /* Products */,
			);
			sourceTree = "<group>";
		};
		13918E4E2AC5607C00F3ECF9 /* Products */ = {
			isa = PBXGroup;
			children = (
				13918E4D2AC5607C00F3ECF9 /* HolaMundo.app */,
				13918E632AC5607C00F3ECF9 /* HolaMundoTests.xctest */,
				13918E6E2AC5607D00F3ECF9 /* HolaMundoUITests.xctest */,
			);
			name = Products;
			sourceTree = "<group>";
		};
		13918E4F2AC5607C00F3ECF9 /* HolaMundo */ = {
			isa = PBXGroup;
			children = (
				13918E502AC5607C00F3ECF9 /* AppDelegate.swift */,
				13918E522AC5607C00F3ECF9 /* SceneDelegate.swift */,
				13918E542AC5607C00F3ECF9 /* ViewController.swift */,
				13918E562AC5607C00F3ECF9 /* Main.storyboard */,
				13918E592AC5607C00F3ECF9 /* Assets.xcassets */,
				13918E5B2AC5607C00F3ECF9 /* LaunchScreen.storyboard */,
				13918E5E2AC5607C00F3ECF9 /* Info.plist */,
			);
			path = HolaMundo;
			sourceTree = "<group>";
		};
		13918E662AC5607C00F3ECF9 /* HolaMundoTests */ = {
			isa = PBXGroup;
			children = (
				13918E672AC5607C00F3ECF9 /* HolaMundoTests.swift */,
				13918E692AC5607C00F3ECF9 /* Info.plist */,
			);
			path = HolaMundoTests;
			sourceTree = "<group>";
		};
		13918E712AC5607D00F3ECF9 /* HolaMundoUITests */ = {
			isa = PBXGroup;
			children = (
				13918E722AC5607D00F3ECF9 /* HolaMundoUITests.swift */,
				13918E742AC5607D00F3ECF9 /* Info.plist */,
			);
			path = HolaMundoUITests;
			sourceTree = "<group>";
		};
/* End PBXGroup section */

/* Begin PBXNativeTarget section */
		13918E4C2AC5607B00F3ECF9 /* HolaMundo */ = {
			isa = PBXNativeTarget;
			buildConfigurationList = 13918E772AC5607D00F3ECF9 /* Build configuration list for PBXNativeTarget "HolaMundo" */;
			buildPhases = (
				13918E492AC5607B00F3ECF9 /* Sources */,
				13918E4A2AC5607B00F3ECF9 /* Frameworks */,
				13918E4B2AC5607B00F3ECF9 /* Resources */,
			);
			buildRules = (
			);
			dependencies = (
			);
			name = HolaMundo;
			productName = HolaMundo;
			productReference = 13918E4D2AC5607C00F3ECF9 /* HolaMundo.app */;
			productType = "com.apple.product-type.application";
		};
		13918E622AC5607C00F3ECF9 /* HolaMundoTests */ = {
			isa = PBXNativeTarget;
			buildConfigurationList = 13918E7A2AC5607D00F3ECF9 /* Build configuration list for PBXNativeTarget "HolaMundoTests" */;
			buildPhases = (
				13918E5F2AC5607C00F3ECF9 /* Sources */,
				13918E602AC5607C00F3ECF9 /* Frameworks */,
				13918E612AC5607C00F3ECF9 /* Resources */,
			);
			buildRules = (
			);
			dependencies = (
				13918E652AC5607C00F3ECF9 /* PBXTargetDependency */,
			);
			name = HolaMundoTests;
			productName = HolaMundoTests;
			productReference = 13918E632AC5607C00F3ECF9 /* HolaMundoTests.xctest */;
			productType = "com.apple.product-type.bundle.unit-test";
		};
		13918E6D2AC5607D00F3ECF9 /* HolaMundoUITests */ = {
			isa = PBXNativeTarget;
			buildConfigurationList = 13918E7D2AC5607D00F3ECF9 /* Build configuration list for PBXNativeTarget "HolaMundoUITests" */;
			buildPhases = (
				13918E6A2AC5607D00F3ECF9 /* Sources */,
				13918E6B2AC5607D00F3ECF9 /* Frameworks */,
				13918E6C2AC5607D00F3ECF9 /* Resources */,
			);
			buildRules = (
			);
			dependencies = (
				13918E702AC5607D00F3ECF9 /* PBXTargetDependency */,
			);
			name = HolaMundoUITests;
			productName = HolaMundoUITests;
			productReference = 13918E6E2AC5607D00F3ECF9 /* HolaMundoUITests.xctest */;
			productType = "com.apple.product-type.bundle.ui-testing";
		};
/* End PBXNativeTarget section */

/* Begin PBXProject section */
		13918E452AC5607B00F3ECF9 /* Project object */ = {
			isa = PBXProject;
			attributes = {
				LastSwiftUpdateCheck = 1240;
				LastUpgradeCheck = 1240;
				TargetAttributes = {
					13918E4C2AC5607B00F3ECF9 = {
						CreatedOnToolsVersion = 12.4;
					};
					13918E622AC5607C00F3ECF9 = {
						CreatedOnToolsVersion = 12.4;
						TestTargetID = 13918E4C2AC5607B00F3ECF9;
					};
					13918E6D2AC5607D00F3ECF9 = {
						CreatedOnToolsVersion = 12.4;
						TestTargetID = 13918E4C2AC5607B00F3ECF9;
					};
				};
			};
			buildConfigurationList = 13918E482AC5607B00F3ECF9 /* Build configuration list for PBXProject "HolaMundo" */;
			compatibilityVersion = "Xcode 9.3";
			developmentRegion = en;
			hasScannedForEncodings = 0;
			knownRegions = (
				en,
				Base,
			);
			mainGroup = 13918E442AC5607B00F3ECF9;
			productRefGroup = 13918E4E2AC5607C00F3ECF9 /* Products */;
			projectDirPath = "";
			projectRoot = "";
			targets = (
				13918E4C2AC5607B00F3ECF9 /* HolaMundo */,
				13918E622AC5607C00F3ECF9 /* HolaMundoTests */,
				13918E6D2AC5607D00F3ECF9 /* HolaMundoUITests */,
			);
		};
/* End PBXProject section */

/* Begin PBXResourcesBuildPhase section */
		13918E4B2AC5607B00F3ECF9 /* Resources */ = {
			isa = PBXResourcesBuildPhase;
			buildActionMask = 2147483647;
			files = (
				13918E5D2AC5607C00F3ECF9 /* LaunchScreen.storyboard in Resources */,
				13918E5A2AC5607C00F3ECF9 /* Assets.xcassets in Resources */,
				13918E582AC5607C00F3ECF9 /* Main.storyboard in Resources */,
			);
			runOnlyForDeploymentPostprocessing = 0;
		};
		13918E612AC5607C00F3ECF9 /* Resources */ = {
			isa = PBXResourcesBuildPhase;
			buildActionMask = 2147483647;
			files = (
			);
			runOnlyForDeploymentPostprocessing = 0;
		};
		13918E6C2AC5607D00F3ECF9 /* Resources */ = {
			isa = PBXResourcesBuildPhase;
			buildActionMask = 2147483647;
			files = (
			);
			runOnlyForDeploymentPostprocessing = 0;
		};
/* End PBXResourcesBuildPhase section */

/* Begin PBXSourcesBuildPhase section */
		13918E492AC5607B00F3ECF9 /* Sources */ = {
			isa = PBXSourcesBuildPhase;
			buildActionMask = 2147483647;
			files = (
				13918E552AC5607C00F3ECF9 /* ViewController.swift in Sources */,
				13918E512AC5607C00F3ECF9 /* AppDelegate.swift in Sources */,
				13918E532AC5607C00F3ECF9 /* SceneDelegate.swift in Sources */,
			);
			runOnlyForDeploymentPostprocessing = 0;
		};
		13918E5F2AC5607C00F3ECF9 /* Sources */ = {
			isa = PBXSourcesBuildPhase;
			buildActionMask = 2147483647;
			files = (
				13918E682AC5607C00F3ECF9 /* HolaMundoTests.swift in Sources */,
			);
			runOnlyForDeploymentPostprocessing = 0;
		};
		13918E6A2AC5607D00F3ECF9 /* Sources */ = {
			isa = PBXSourcesBuildPhase;
			buildActionMask = 2147483647;
			files = (
				13918E732AC5607D00F3ECF9 /* HolaMundoUITests.swift in Sources */,
			);
			runOnlyForDeploymentPostprocessing = 0;
		};
/* End PBXSourcesBuildPhase section */

/* Begin PBXTargetDependency section */
		13918E652AC5607C00F3ECF9 /* PBXTargetDependency */ = {
			isa = PBXTargetDependency;
			target = 13918E4C2AC5607B00F3ECF9 /* HolaMundo */;
			targetProxy = 13918E642AC5607C00F3ECF9 /* PBXContainerItemProxy */;
		};
		13918E702AC5607D00F3ECF9 /* PBXTargetDependency */ = {
			isa = PBXTargetDependency;
			target = 13918E4C2AC5607B00F3ECF9 /* HolaMundo */;
			targetProxy = 13918E6F2AC5607D00F3ECF9 /* PBXContainerItemProxy */;
		};
/* End PBXTargetDependency section */

/* Begin PBXVariantGroup section */
		13918E562AC5607C00F3ECF9 /* Main.storyboard */ = {
			isa = PBXVariantGroup;
			children = (
				13918E572AC5607C00F3ECF9 /* Base */,
			);
			name = Main.storyboard;
			sourceTree = "<group>";
		};
		13918E5B2AC5607C00F3ECF9 /* LaunchScreen.storyboard */ = {
			isa = PBXVariantGroup;
			children = (
				13918E5C2AC5607C00F3ECF9 /* Base */,
			);
			name = LaunchScreen.storyboard;
			sourceTree = "<group>";
		};
/* End PBXVariantGroup section */

/* Begin XCBuildConfiguration section */
		13918E752AC5607D00F3ECF9 /* Debug */ = {
			isa = XCBuildConfiguration;
			buildSettings = {
				ALWAYS_SEARCH_USER_PATHS = NO;
				CLANG_ANALYZER_NONNULL = YES;
				CLANG_ANALYZER_NUMBER_OBJECT_CONVERSION = YES_AGGRESSIVE;
				CLANG_CXX_LANGUAGE_STANDARD = "gnu++14";
				CLANG_CXX_LIBRARY = "libc++";
				CLANG_ENABLE_MODULES = YES;
				CLANG_ENABLE_OBJC_ARC = YES;
				CLANG_ENABLE_OBJC_WEAK = YES;
				CLANG_WARN_BLOCK_CAPTURE_AUTORELEASING = YES;
				CLANG_WARN_BOOL_CONVERSION = YES;
				CLANG_WARN_COMMA = YES;
				CLANG_WARN_CONSTANT_CONVERSION = YES;
				CLANG_WARN_DEPRECATED_OBJC_IMPLEMENTATIONS = YES;
				CLANG_WARN_DIRECT_OBJC_ISA_USAGE = YES_ERROR;
				CLANG_WARN_DOCUMENTATION_COMMENTS = YES;
				CLANG_WARN_EMPTY_BODY = YES;
				CLANG_WARN_ENUM_CONVERSION = YES;
				CLANG_WARN_INFINITE_RECURSION = YES;
				CLANG_WARN_INT_CONVERSION = YES;
				CLANG_WARN_NON_LITERAL_NULL_CONVERSION = YES;
				CLANG_WARN_OBJC_IMPLICIT_RETAIN_SELF = YES;
				CLANG_WARN_OBJC_LITERAL_CONVERSION = YES;
				CLANG_WARN_OBJC_ROOT_CLASS = YES_ERROR;
				CLANG_WARN_QUOTED_INCLUDE_IN_FRAMEWORK_HEADER = YES;
				CLANG_WARN_RANGE_LOOP_ANALYSIS = YES;
				CLANG_WARN_STRICT_PROTOTYPES = YES;
				CLANG_WARN_SUSPICIOUS_MOVE = YES;
				CLANG_WARN_UNGUARDED_AVAILABILITY = YES_AGGRESSIVE;
				CLANG_WARN_UNREACHABLE_CODE = YES;
				CLANG_WARN__DUPLICATE_METHOD_MATCH = YES;
				COPY_PHASE_STRIP = NO;
				DEBUG_INFORMATION_FORMAT = dwarf;
				ENABLE_STRICT_OBJC_MSGSEND = YES;
				ENABLE_TESTABILITY = YES;
				GCC_C_LANGUAGE_STANDARD = gnu11;
				GCC_DYNAMIC_NO_PIC = NO;
				GCC_NO_COMMON_BLOCKS = YES;
				GCC_OPTIMIZATION_LEVEL = 0;
				GCC_PREPROCESSOR_DEFINITIONS = (
					"DEBUG=1",
					"$(inherited)",
				);
				GCC_WARN_64_TO_32_BIT_CONVERSION = YES;
				GCC_WARN_ABOUT_RETURN_TYPE = YES_ERROR;
				GCC_WARN_UNDECLARED_SELECTOR = YES;
				GCC_WARN_UNINITIALIZED_AUTOS = YES_AGGRESSIVE;
				GCC_WARN_UNUSED_FUNCTION = YES;
				GCC_WARN_UNUSED_VARIABLE = YES;
				IPHONEOS_DEPLOYMENT_TARGET = 14.4;
				MTL_ENABLE_DEBUG_INFO = INCLUDE_SOURCE;
				MTL_FAST_MATH = YES;
				ONLY_ACTIVE_ARCH = YES;
				SDKROOT = iphoneos;
				SWIFT_ACTIVE_COMPILATION_CONDITIONS = DEBUG;
				SWIFT_OPTIMIZATION_LEVEL = "-Onone";
			};
			name = Debug;
		};
		13918E762AC5607D00F3ECF9 /* Release */ = {
			isa = XCBuildConfiguration;
			buildSettings = {
				ALWAYS_SEARCH_USER_PATHS = NO;
				CLANG_ANALYZER_NONNULL = YES;
				CLANG_ANALYZER_NUMBER_OBJECT_CONVERSION = YES_AGGRESSIVE;
				CLANG_CXX_LANGUAGE_STANDARD = "gnu++14";
				CLANG_CXX_LIBRARY = "libc++";
				CLANG_ENABLE_MODULES = YES;
				CLANG_ENABLE_OBJC_ARC = YES;
				CLANG_ENABLE_OBJC_WEAK = YES;
				CLANG_WARN_BLOCK_CAPTURE_AUTORELEASING = YES;
				CLANG_WARN_BOOL_CONVERSION = YES;
				CLANG_WARN_COMMA = YES;
				CLANG_WARN_CONSTANT_CONVERSION = YES;
				CLANG_WARN_DEPRECATED_OBJC_IMPLEMENTATIONS = YES;
				CLANG_WARN_DIRECT_OBJC_ISA_USAGE = YES_ERROR;
				CLANG_WARN_DOCUMENTATION_COMMENTS = YES;
				CLANG_WARN_EMPTY_BODY = YES;
				CLANG_WARN_ENUM_CONVERSION = YES;
				CLANG_WARN_INFINITE_RECURSION = YES;
				CLANG_WARN_INT_CONVERSION = YES;
				CLANG_WARN_NON_LITERAL_NULL_CONVERSION = YES;
				CLANG_WARN_OBJC_IMPLICIT_RETAIN_SELF = YES;
				CLANG_WARN_OBJC_LITERAL_CONVERSION = YES;
				CLANG_WARN_OBJC_ROOT_CLASS = YES_ERROR;
				CLANG_WARN_QUOTED_INCLUDE_IN_FRAMEWORK_HEADER = YES;
				CLANG_WARN_RANGE_LOOP_ANALYSIS = YES;
				CLANG_WARN_STRICT_PROTOTYPES = YES;
				CLANG_WARN_SUSPICIOUS_MOVE = YES;
				CLANG_WARN_UNGUARDED_AVAILABILITY = YES_AGGRESSIVE;
				CLANG_WARN_UNREACHABLE_CODE = YES;
				CLANG_WARN__DUPLICATE_METHOD_MATCH = YES;
				COPY_PHASE_STRIP = NO;
				DEBUG_INFORMATION_FORMAT = "dwarf-with-dsym";
				ENABLE_NS_ASSERTIONS = NO;
				ENABLE_STRICT_OBJC_MSGSEND = YES;
				GCC_C_LANGUAGE_STANDARD = gnu11;
				GCC_NO_COMMON_BLOCKS = YES;
				GCC_WARN_64_TO_32_BIT_CONVERSION = YES;
				GCC_WARN_ABOUT_RETURN_TYPE = YES_ERROR;
				GCC_WARN_UNDECLARED_SELECTOR = YES;
				GCC_WARN_UNINITIALIZED_AUTOS = YES_AGGRESSIVE;
				GCC_WARN_UNUSED_FUNCTION = YES;
				GCC_WARN_UNUSED_VARIABLE = YES;
				IPHONEOS_DEPLOYMENT_TARGET = 14.4;
				MTL_ENABLE_DEBUG_INFO = NO;
				MTL_FAST_MATH = YES;
				SDKROOT = iphoneos;
				SWIFT_COMPILATION_MODE = wholemodule;
				SWIFT_OPTIMIZATION_LEVEL = "-O";
				VALIDATE_PRODUCT = YES;
			};
			name = Release;
		};
		13918E782AC5607D00F3ECF9 /* Debug */ = {
			isa = XCBuildConfiguration;
			buildSettings = {
				ASSETCATALOG_COMPILER_APPICON_NAME = AppIcon;
				ASSETCATALOG_COMPILER_GLOBAL_ACCENT_COLOR_NAME = AccentColor;
				CODE_SIGN_STYLE = Automatic;
				INFOPLIST_FILE = HolaMundo/Info.plist;
				LD_RUNPATH_SEARCH_PATHS = (
					"$(inherited)",
					"@executable_path/Frameworks",
				);
				PRODUCT_BUNDLE_IDENTIFIER = javier.gonzalez.HolaMundo;
				PRODUCT_NAME = "$(TARGET_NAME)";
				SWIFT_VERSION = 5.0;
				TARGETED_DEVICE_FAMILY = "1,2";
			};
			name = Debug;
		};
		13918E792AC5607D00F3ECF9 /* Release */ = {
			isa = XCBuildConfiguration;
			buildSettings = {
				ASSETCATALOG_COMPILER_APPICON_NAME = AppIcon;
				ASSETCATALOG_COMPILER_GLOBAL_ACCENT_COLOR_NAME = AccentColor;
				CODE_SIGN_STYLE = Automatic;
				INFOPLIST_FILE = HolaMundo/Info.plist;
				LD_RUNPATH_SEARCH_PATHS = (
					"$(inherited)",
					"@executable_path/Frameworks",
				);
				PRODUCT_BUNDLE_IDENTIFIER = javier.gonzalez.HolaMundo;
				PRODUCT_NAME = "$(TARGET_NAME)";
				SWIFT_VERSION = 5.0;
				TARGETED_DEVICE_FAMILY = "1,2";
			};
			name = Release;
		};
		13918E7B2AC5607D00F3ECF9 /* Debug */ = {
			isa = XCBuildConfiguration;
			buildSettings = {
				ALWAYS_EMBED_SWIFT_STANDARD_LIBRARIES = YES;
				BUNDLE_LOADER = "$(TEST_HOST)";
				CODE_SIGN_STYLE = Automatic;
				INFOPLIST_FILE = HolaMundoTests/Info.plist;
				IPHONEOS_DEPLOYMENT_TARGET = 14.4;
				LD_RUNPATH_SEARCH_PATHS = (
					"$(inherited)",
					"@executable_path/Frameworks",
					"@loader_path/Frameworks",
				);
				PRODUCT_BUNDLE_IDENTIFIER = javier.gonzalez.HolaMundoTests;
				PRODUCT_NAME = "$(TARGET_NAME)";
				SWIFT_VERSION = 5.0;
				TARGETED_DEVICE_FAMILY = "1,2";
				TEST_HOST = "$(BUILT_PRODUCTS_DIR)/HolaMundo.app/HolaMundo";
			};
			name = Debug;
		};
		13918E7C2AC5607D00F3ECF9 /* Release */ = {
			isa = XCBuildConfiguration;
			buildSettings = {
				ALWAYS_EMBED_SWIFT_STANDARD_LIBRARIES = YES;
				BUNDLE_LOADER = "$(TEST_HOST)";
				CODE_SIGN_STYLE = Automatic;
				INFOPLIST_FILE = HolaMundoTests/Info.plist;
				IPHONEOS_DEPLOYMENT_TARGET = 14.4;
				LD_RUNPATH_SEARCH_PATHS = (
					"$(inherited)",
					"@executable_path/Frameworks",
					"@loader_path/Frameworks",
				);
				PRODUCT_BUNDLE_IDENTIFIER = javier.gonzalez.HolaMundoTests;
				PRODUCT_NAME = "$(TARGET_NAME)";
				SWIFT_VERSION = 5.0;
				TARGETED_DEVICE_FAMILY = "1,2";
				TEST_HOST = "$(BUILT_PRODUCTS_DIR)/HolaMundo.app/HolaMundo";
			};
			name = Release;
		};
		13918E7E2AC5607D00F3ECF9 /* Debug */ = {
			isa = XCBuildConfiguration;
			buildSettings = {
				ALWAYS_EMBED_SWIFT_STANDARD_LIBRARIES = YES;
				CODE_SIGN_STYLE = Automatic;
				INFOPLIST_FILE = HolaMundoUITests/Info.plist;
				LD_RUNPATH_SEARCH_PATHS = (
					"$(inherited)",
					"@executable_path/Frameworks",
					"@loader_path/Frameworks",
				);
				PRODUCT_BUNDLE_IDENTIFIER = javier.gonzalez.HolaMundoUITests;
				PRODUCT_NAME = "$(TARGET_NAME)";
				SWIFT_VERSION = 5.0;
				TARGETED_DEVICE_FAMILY = "1,2";
				TEST_TARGET_NAME = HolaMundo;
			};
			name = Debug;
		};
		13918E7F2AC5607D00F3ECF9 /* Release */ = {
			isa = XCBuildConfiguration;
			buildSettings = {
				ALWAYS_EMBED_SWIFT_STANDARD_LIBRARIES = YES;
				CODE_SIGN_STYLE = Automatic;
				INFOPLIST_FILE = HolaMundoUITests/Info.plist;
				LD_RUNPATH_SEARCH_PATHS = (
					"$(inherited)",
					"@executable_path/Frameworks",
					"@loader_path/Frameworks",
				);
				PRODUCT_BUNDLE_IDENTIFIER = javier.gonzalez.HolaMundoUITests;
				PRODUCT_NAME = "$(TARGET_NAME)";
				SWIFT_VERSION = 5.0;
				TARGETED_DEVICE_FAMILY = "1,2";
				TEST_TARGET_NAME = HolaMundo;
			};
			name = Release;
		};
/* End XCBuildConfiguration section */

/* Begin XCConfigurationList section */
		13918E482AC5607B00F3ECF9 /* Build configuration list for PBXProject "HolaMundo" */ = {
			isa = XCConfigurationList;
			buildConfigurations = (
				13918E752AC5607D00F3ECF9 /* Debug */,
				13918E762AC5607D00F3ECF9 /* Release */,
			);
			defaultConfigurationIsVisible = 0;
			defaultConfigurationName = Release;
		};
		13918E772AC5607D00F3ECF9 /* Build configuration list for PBXNativeTarget "HolaMundo" */ = {
			isa = XCConfigurationList;
			buildConfigurations = (
				13918E782AC5607D00F3ECF9 /* Debug */,
				13918E792AC5607D00F3ECF9 /* Release */,
			);
			defaultConfigurationIsVisible = 0;
			defaultConfigurationName = Release;
		};
		13918E7A2AC5607D00F3ECF9 /* Build configuration list for PBXNativeTarget "HolaMundoTests" */ = {
			isa = XCConfigurationList;
			buildConfigurations = (
				13918E7B2AC5607D00F3ECF9 /* Debug */,
				13918E7C2AC5607D00F3ECF9 /* Release */,
			);
			defaultConfigurationIsVisible = 0;
			defaultConfigurationName = Release;
		};
		13918E7D2AC5607D00F3ECF9 /* Build configuration list for PBXNativeTarget "HolaMundoUITests" */ = {
			isa = XCConfigurationList;
			buildConfigurations = (
				13918E7E2AC5607D00F3ECF9 /* Debug */,
				13918E7F2AC5607D00F3ECF9 /* Release */,
			);
			defaultConfigurationIsVisible = 0;
			defaultConfigurationName = Release;
		};
/* End XCConfigurationList section */
	};
	rootObject = 13918E452AC5607B00F3ECF9 /* Project object */;
}
